
Microsoft Visual Studio Solution File, Format Version 12.00
# Visual Studio Version 16
VisualStudioVersion = 16.0.30309.148
MinimumVisualStudioVersion = 10.0.40219.1
Project("{FAE04EC0-301F-11D3-BF4B-00C04F79EFBC}") = "FootballEx", "FootballEx.csproj", "{57C4AB9F-7947-4AC9-B17A-E6922B49024E}"
EndProject
Global
	GlobalSection(SolutionConfigurationPlatforms) = preSolution
		Debug|Any CPU = Debug|Any CPU
		Release|Any CPU = Release|Any CPU
	EndGlobalSection
	GlobalSection(ProjectConfigurationPlatforms) = postSolution
		{57C4AB9F-7947-4AC9-B17A-E6922B49024E}.Debug|Any CPU.ActiveCfg = Debug|Any CPU
		{57C4AB9F-7947-4AC9-B17A-E6922B49024E}.Debug|Any CPU.Build.0 = Debug|Any CPU
		{57C4AB9F-7947-4AC9-B17A-E6922B49024E}.Release|Any CPU.ActiveCfg = Release|Any CPU
		{57C4AB9F-7947-4AC9-B17A-E6922B49024E}.Release|Any CPU.Build.0 = Release|Any CPU
	EndGlobalSection
	GlobalSection(SolutionProperties) = preSolution
		HideSolutionNode = FALSE
	EndGlobalSection
	GlobalSection(ExtensibilityGlobals) = postSolution
		SolutionGuid = {14761A49-F520-4AFF-A8CF-358A36AFD1F8}
	EndGlobalSection
EndGlobal
